
Microsoft Visual Studio Solution File, Format Version 12.00
# Visual Studio 15
VisualStudioVersion = 15.0.27703.2000
MinimumVisualStudioVersion = 10.0.40219.1
Project("{2150E333-8FDC-42A3-9474-1A3956D46DE8}") = "Src", "Src", "{ACEA9232-7B4B-42C6-BAA9-FD1E62164774}"
EndProject
Project("{2150E333-8FDC-42A3-9474-1A3956D46DE8}") = "Data", "Data", "{FFA0A91A-0B13-4938-A789-691B4B57AD0F}"
EndProject
Project("{FAE04EC0-301F-11D3-BF4B-00C04F79EFBC}") = "Data.Contracts", "Contracts\Data.Contracts.csproj", "{85BA9633-227E-4A2F-A949-B3BEA6893304}"
EndProject
Project("{FAE04EC0-301F-11D3-BF4B-00C04F79EFBC}") = "Data.Repositories", "Repositories\Data.Repositories.csproj", "{5D650FC4-D856-4342-95DA-342C880DC0CD}"
EndProject
Project("{2150E333-8FDC-42A3-9474-1A3956D46DE8}") = "Domain", "Domain", "{61F53B5D-EDFF-4451-913B-1208220027A7}"
EndProject
Project("{FAE04EC0-301F-11D3-BF4B-00C04F79EFBC}") = "Domain.Contracts", "Domain.Contracts\Domain.Contracts.csproj", "{12D707D1-351A-4FCF-8495-EF1085E96259}"
EndProject
Project("{FAE04EC0-301F-11D3-BF4B-00C04F79EFBC}") = "Domain.Services", "Data.Services\Domain.Services.csproj", "{C45B3F9F-3010-435D-B826-A8D0A2BAB937}"
EndProject
Project("{FAE04EC0-301F-11D3-BF4B-00C04F79EFBC}") = "Web", "Web\Web.csproj", "{633F7354-3F44-464D-A7F8-5DA429E95D48}"
EndProject
Project("{2150E333-8FDC-42A3-9474-1A3956D46DE8}") = "Web.Infrastructure", "Web.Infrastructure", "{DB73527C-A12B-4A1C-B929-2530B14B8BA6}"
EndProject
Project("{FAE04EC0-301F-11D3-BF4B-00C04F79EFBC}") = "WebModule", "WebModule\WebModule.csproj", "{D1DD1069-16F9-491D-AB2C-3079906DFCBF}"
EndProject
Global
	GlobalSection(SolutionConfigurationPlatforms) = preSolution
		Debug|Any CPU = Debug|Any CPU
		Release|Any CPU = Release|Any CPU
	EndGlobalSection
	GlobalSection(ProjectConfigurationPlatforms) = postSolution
		{85BA9633-227E-4A2F-A949-B3BEA6893304}.Debug|Any CPU.ActiveCfg = Debug|Any CPU
		{85BA9633-227E-4A2F-A949-B3BEA6893304}.Debug|Any CPU.Build.0 = Debug|Any CPU
		{85BA9633-227E-4A2F-A949-B3BEA6893304}.Release|Any CPU.ActiveCfg = Release|Any CPU
		{85BA9633-227E-4A2F-A949-B3BEA6893304}.Release|Any CPU.Build.0 = Release|Any CPU
		{5D650FC4-D856-4342-95DA-342C880DC0CD}.Debug|Any CPU.ActiveCfg = Debug|Any CPU
		{5D650FC4-D856-4342-95DA-342C880DC0CD}.Debug|Any CPU.Build.0 = Debug|Any CPU
		{5D650FC4-D856-4342-95DA-342C880DC0CD}.Release|Any CPU.ActiveCfg = Release|Any CPU
		{5D650FC4-D856-4342-95DA-342C880DC0CD}.Release|Any CPU.Build.0 = Release|Any CPU
		{12D707D1-351A-4FCF-8495-EF1085E96259}.Debug|Any CPU.ActiveCfg = Debug|Any CPU
		{12D707D1-351A-4FCF-8495-EF1085E96259}.Debug|Any CPU.Build.0 = Debug|Any CPU
		{12D707D1-351A-4FCF-8495-EF1085E96259}.Release|Any CPU.ActiveCfg = Release|Any CPU
		{12D707D1-351A-4FCF-8495-EF1085E96259}.Release|Any CPU.Build.0 = Release|Any CPU
		{C45B3F9F-3010-435D-B826-A8D0A2BAB937}.Debug|Any CPU.ActiveCfg = Debug|Any CPU
		{C45B3F9F-3010-435D-B826-A8D0A2BAB937}.Debug|Any CPU.Build.0 = Debug|Any CPU
		{C45B3F9F-3010-435D-B826-A8D0A2BAB937}.Release|Any CPU.ActiveCfg = Release|Any CPU
		{C45B3F9F-3010-435D-B826-A8D0A2BAB937}.Release|Any CPU.Build.0 = Release|Any CPU
		{633F7354-3F44-464D-A7F8-5DA429E95D48}.Debug|Any CPU.ActiveCfg = Debug|Any CPU
		{633F7354-3F44-464D-A7F8-5DA429E95D48}.Debug|Any CPU.Build.0 = Debug|Any CPU
		{633F7354-3F44-464D-A7F8-5DA429E95D48}.Release|Any CPU.ActiveCfg = Release|Any CPU
		{633F7354-3F44-464D-A7F8-5DA429E95D48}.Release|Any CPU.Build.0 = Release|Any CPU
		{D1DD1069-16F9-491D-AB2C-3079906DFCBF}.Debug|Any CPU.ActiveCfg = Debug|Any CPU
		{D1DD1069-16F9-491D-AB2C-3079906DFCBF}.Debug|Any CPU.Build.0 = Debug|Any CPU
		{D1DD1069-16F9-491D-AB2C-3079906DFCBF}.Release|Any CPU.ActiveCfg = Release|Any CPU
		{D1DD1069-16F9-491D-AB2C-3079906DFCBF}.Release|Any CPU.Build.0 = Release|Any CPU
	EndGlobalSection
	GlobalSection(SolutionProperties) = preSolution
		HideSolutionNode = FALSE
	EndGlobalSection
	GlobalSection(NestedProjects) = preSolution
		{FFA0A91A-0B13-4938-A789-691B4B57AD0F} = {ACEA9232-7B4B-42C6-BAA9-FD1E62164774}
		{85BA9633-227E-4A2F-A949-B3BEA6893304} = {FFA0A91A-0B13-4938-A789-691B4B57AD0F}
		{5D650FC4-D856-4342-95DA-342C880DC0CD} = {FFA0A91A-0B13-4938-A789-691B4B57AD0F}
		{61F53B5D-EDFF-4451-913B-1208220027A7} = {ACEA9232-7B4B-42C6-BAA9-FD1E62164774}
		{12D707D1-351A-4FCF-8495-EF1085E96259} = {61F53B5D-EDFF-4451-913B-1208220027A7}
		{C45B3F9F-3010-435D-B826-A8D0A2BAB937} = {61F53B5D-EDFF-4451-913B-1208220027A7}
		{633F7354-3F44-464D-A7F8-5DA429E95D48} = {ACEA9232-7B4B-42C6-BAA9-FD1E62164774}
		{DB73527C-A12B-4A1C-B929-2530B14B8BA6} = {ACEA9232-7B4B-42C6-BAA9-FD1E62164774}
		{D1DD1069-16F9-491D-AB2C-3079906DFCBF} = {DB73527C-A12B-4A1C-B929-2530B14B8BA6}
	EndGlobalSection
	GlobalSection(ExtensibilityGlobals) = postSolution
		SolutionGuid = {D40EB6F3-6824-4E98-9619-31DC0D88FCBB}
	EndGlobalSection
EndGlobal
