
Microsoft Visual Studio Solution File, Format Version 12.00
# Visual Studio 15
VisualStudioVersion = 15.0.27703.2047
MinimumVisualStudioVersion = 10.0.40219.1
Project("{FAE04EC0-301F-11D3-BF4B-00C04F79EFBC}") = "TrialDi", "TrialDi\TrialDi.csproj", "{8DC40FC3-C872-4059-A4C4-5985A38B4A83}"
EndProject
Global
	GlobalSection(SolutionConfigurationPlatforms) = preSolution
		Debug|Any CPU = Debug|Any CPU
		Release|Any CPU = Release|Any CPU
	EndGlobalSection
	GlobalSection(ProjectConfigurationPlatforms) = postSolution
		{8DC40FC3-C872-4059-A4C4-5985A38B4A83}.Debug|Any CPU.ActiveCfg = Debug|Any CPU
		{8DC40FC3-C872-4059-A4C4-5985A38B4A83}.Debug|Any CPU.Build.0 = Debug|Any CPU
		{8DC40FC3-C872-4059-A4C4-5985A38B4A83}.Release|Any CPU.ActiveCfg = Release|Any CPU
		{8DC40FC3-C872-4059-A4C4-5985A38B4A83}.Release|Any CPU.Build.0 = Release|Any CPU
	EndGlobalSection
	GlobalSection(SolutionProperties) = preSolution
		HideSolutionNode = FALSE
	EndGlobalSection
	GlobalSection(ExtensibilityGlobals) = postSolution
		SolutionGuid = {3389A7C1-9857-4A1B-B84A-11366911C72E}
	EndGlobalSection
EndGlobal
