
Microsoft Visual Studio Solution File, Format Version 12.00
# Visual Studio 15
VisualStudioVersion = 15.0.27130.2036
MinimumVisualStudioVersion = 10.0.40219.1
Project("{9A19103F-16F7-4668-BE54-9A1E7A4F7556}") = "Twitter.Web", "Twitter.Web\Twitter.Web.csproj", "{09F4EDDB-04CF-48F7-ABAD-D82F04CA4AB4}"
EndProject
Project("{FAE04EC0-301F-11D3-BF4B-00C04F79EFBC}") = "Twitter.Data.Contracts", "Twitter.Data.Contracts\Twitter.Data.Contracts.csproj", "{3AE44400-F8A2-4909-96A4-BE7DE216376D}"
EndProject
Project("{FAE04EC0-301F-11D3-BF4B-00C04F79EFBC}") = "Twitter.Repositories", "Twitter.Repositories\Twitter.Repositories.csproj", "{2F2A5C85-097F-480D-828C-EF751BC501DF}"
EndProject
Project("{FAE04EC0-301F-11D3-BF4B-00C04F79EFBC}") = "Twitter.Domain.Contracts", "Twitter.Domain.Contracts\Twitter.Domain.Contracts.csproj", "{79BCBB02-6DAF-46AC-8097-C33F26DC316B}"
EndProject
Global
	GlobalSection(SolutionConfigurationPlatforms) = preSolution
		Debug|Any CPU = Debug|Any CPU
		Release|Any CPU = Release|Any CPU
	EndGlobalSection
	GlobalSection(ProjectConfigurationPlatforms) = postSolution
		{09F4EDDB-04CF-48F7-ABAD-D82F04CA4AB4}.Debug|Any CPU.ActiveCfg = Debug|Any CPU
		{09F4EDDB-04CF-48F7-ABAD-D82F04CA4AB4}.Debug|Any CPU.Build.0 = Debug|Any CPU
		{09F4EDDB-04CF-48F7-ABAD-D82F04CA4AB4}.Release|Any CPU.ActiveCfg = Release|Any CPU
		{09F4EDDB-04CF-48F7-ABAD-D82F04CA4AB4}.Release|Any CPU.Build.0 = Release|Any CPU
		{3AE44400-F8A2-4909-96A4-BE7DE216376D}.Debug|Any CPU.ActiveCfg = Debug|Any CPU
		{3AE44400-F8A2-4909-96A4-BE7DE216376D}.Debug|Any CPU.Build.0 = Debug|Any CPU
		{3AE44400-F8A2-4909-96A4-BE7DE216376D}.Release|Any CPU.ActiveCfg = Release|Any CPU
		{3AE44400-F8A2-4909-96A4-BE7DE216376D}.Release|Any CPU.Build.0 = Release|Any CPU
		{2F2A5C85-097F-480D-828C-EF751BC501DF}.Debug|Any CPU.ActiveCfg = Debug|Any CPU
		{2F2A5C85-097F-480D-828C-EF751BC501DF}.Debug|Any CPU.Build.0 = Debug|Any CPU
		{2F2A5C85-097F-480D-828C-EF751BC501DF}.Release|Any CPU.ActiveCfg = Release|Any CPU
		{2F2A5C85-097F-480D-828C-EF751BC501DF}.Release|Any CPU.Build.0 = Release|Any CPU
		{79BCBB02-6DAF-46AC-8097-C33F26DC316B}.Debug|Any CPU.ActiveCfg = Debug|Any CPU
		{79BCBB02-6DAF-46AC-8097-C33F26DC316B}.Debug|Any CPU.Build.0 = Debug|Any CPU
		{79BCBB02-6DAF-46AC-8097-C33F26DC316B}.Release|Any CPU.ActiveCfg = Release|Any CPU
		{79BCBB02-6DAF-46AC-8097-C33F26DC316B}.Release|Any CPU.Build.0 = Release|Any CPU
	EndGlobalSection
	GlobalSection(SolutionProperties) = preSolution
		HideSolutionNode = FALSE
	EndGlobalSection
	GlobalSection(ExtensibilityGlobals) = postSolution
		SolutionGuid = {443318EE-7349-4E3C-8397-2ED2B7A3196F}
	EndGlobalSection
EndGlobal
