
Microsoft Visual Studio Solution File, Format Version 12.00
# Visual Studio 15
VisualStudioVersion = 15.0.28010.2046
MinimumVisualStudioVersion = 10.0.40219.1
Project("{FAE04EC0-301F-11D3-BF4B-00C04F79EFBC}") = "SuperDuperTripleAsholeDiC", "SuperDuperTripleAsholeDiC\SuperDuperTripleAsholeDiC.csproj", "{16327E6F-41FB-490B-9F49-8E705591F9E2}"
EndProject
Project("{FAE04EC0-301F-11D3-BF4B-00C04F79EFBC}") = "ExampleConsole", "ExampleConsole\ExampleConsole.csproj", "{40941EA5-2862-4D98-9E2E-6B6F075BA4A6}"
EndProject
Global
	GlobalSection(SolutionConfigurationPlatforms) = preSolution
		Debug|Any CPU = Debug|Any CPU
		Release|Any CPU = Release|Any CPU
	EndGlobalSection
	GlobalSection(ProjectConfigurationPlatforms) = postSolution
		{16327E6F-41FB-490B-9F49-8E705591F9E2}.Debug|Any CPU.ActiveCfg = Debug|Any CPU
		{16327E6F-41FB-490B-9F49-8E705591F9E2}.Debug|Any CPU.Build.0 = Debug|Any CPU
		{16327E6F-41FB-490B-9F49-8E705591F9E2}.Release|Any CPU.ActiveCfg = Release|Any CPU
		{16327E6F-41FB-490B-9F49-8E705591F9E2}.Release|Any CPU.Build.0 = Release|Any CPU
		{40941EA5-2862-4D98-9E2E-6B6F075BA4A6}.Debug|Any CPU.ActiveCfg = Debug|Any CPU
		{40941EA5-2862-4D98-9E2E-6B6F075BA4A6}.Debug|Any CPU.Build.0 = Debug|Any CPU
		{40941EA5-2862-4D98-9E2E-6B6F075BA4A6}.Release|Any CPU.ActiveCfg = Release|Any CPU
		{40941EA5-2862-4D98-9E2E-6B6F075BA4A6}.Release|Any CPU.Build.0 = Release|Any CPU
	EndGlobalSection
	GlobalSection(SolutionProperties) = preSolution
		HideSolutionNode = FALSE
	EndGlobalSection
	GlobalSection(ExtensibilityGlobals) = postSolution
		SolutionGuid = {C6EBC2F1-C1F0-4016-B681-2F37CEB11271}
	EndGlobalSection
EndGlobal
