
Microsoft Visual Studio Solution File, Format Version 12.00
# Visual Studio 15
VisualStudioVersion = 15.0.27703.2047
MinimumVisualStudioVersion = 10.0.40219.1
Project("{FAE04EC0-301F-11D3-BF4B-00C04F79EFBC}") = "StudPortal", "StudPortal\StudPortal.csproj", "{57C40CC1-7193-450B-ABD0-961692D5924A}"
EndProject
Project("{FAE04EC0-301F-11D3-BF4B-00C04F79EFBC}") = "StudPortal.Tests", "StudPortal.Tests\StudPortal.Tests.csproj", "{AAF6889A-D976-4E6B-9562-B7B0235FBC9E}"
EndProject
Project("{FAE04EC0-301F-11D3-BF4B-00C04F79EFBC}") = "RepositoryModels", "RepositoryModels\RepositoryModels.csproj", "{D9702EEA-EA72-4BD4-9B33-DCDDD1C94677}"
EndProject
Project("{FAE04EC0-301F-11D3-BF4B-00C04F79EFBC}") = "ServiceModels", "ServiceModels\ServiceModels.csproj", "{CD07AFC5-F937-4BEB-A33B-310B99D64DE0}"
EndProject
Project("{FAE04EC0-301F-11D3-BF4B-00C04F79EFBC}") = "Repository", "Repository\Repository.csproj", "{66C39617-B3E2-4B7B-A008-BFEB40DBE2DB}"
EndProject
Project("{FAE04EC0-301F-11D3-BF4B-00C04F79EFBC}") = "Service", "Service\Service.csproj", "{436824D1-715E-473D-B599-36A226318B8D}"
EndProject
Global
	GlobalSection(SolutionConfigurationPlatforms) = preSolution
		Debug|Any CPU = Debug|Any CPU
		Release|Any CPU = Release|Any CPU
	EndGlobalSection
	GlobalSection(ProjectConfigurationPlatforms) = postSolution
		{57C40CC1-7193-450B-ABD0-961692D5924A}.Debug|Any CPU.ActiveCfg = Debug|Any CPU
		{57C40CC1-7193-450B-ABD0-961692D5924A}.Debug|Any CPU.Build.0 = Debug|Any CPU
		{57C40CC1-7193-450B-ABD0-961692D5924A}.Release|Any CPU.ActiveCfg = Release|Any CPU
		{57C40CC1-7193-450B-ABD0-961692D5924A}.Release|Any CPU.Build.0 = Release|Any CPU
		{AAF6889A-D976-4E6B-9562-B7B0235FBC9E}.Debug|Any CPU.ActiveCfg = Debug|Any CPU
		{AAF6889A-D976-4E6B-9562-B7B0235FBC9E}.Debug|Any CPU.Build.0 = Debug|Any CPU
		{AAF6889A-D976-4E6B-9562-B7B0235FBC9E}.Release|Any CPU.ActiveCfg = Release|Any CPU
		{AAF6889A-D976-4E6B-9562-B7B0235FBC9E}.Release|Any CPU.Build.0 = Release|Any CPU
		{D9702EEA-EA72-4BD4-9B33-DCDDD1C94677}.Debug|Any CPU.ActiveCfg = Debug|Any CPU
		{D9702EEA-EA72-4BD4-9B33-DCDDD1C94677}.Debug|Any CPU.Build.0 = Debug|Any CPU
		{D9702EEA-EA72-4BD4-9B33-DCDDD1C94677}.Release|Any CPU.ActiveCfg = Release|Any CPU
		{D9702EEA-EA72-4BD4-9B33-DCDDD1C94677}.Release|Any CPU.Build.0 = Release|Any CPU
		{CD07AFC5-F937-4BEB-A33B-310B99D64DE0}.Debug|Any CPU.ActiveCfg = Debug|Any CPU
		{CD07AFC5-F937-4BEB-A33B-310B99D64DE0}.Debug|Any CPU.Build.0 = Debug|Any CPU
		{CD07AFC5-F937-4BEB-A33B-310B99D64DE0}.Release|Any CPU.ActiveCfg = Release|Any CPU
		{CD07AFC5-F937-4BEB-A33B-310B99D64DE0}.Release|Any CPU.Build.0 = Release|Any CPU
		{66C39617-B3E2-4B7B-A008-BFEB40DBE2DB}.Debug|Any CPU.ActiveCfg = Debug|Any CPU
		{66C39617-B3E2-4B7B-A008-BFEB40DBE2DB}.Debug|Any CPU.Build.0 = Debug|Any CPU
		{66C39617-B3E2-4B7B-A008-BFEB40DBE2DB}.Release|Any CPU.ActiveCfg = Release|Any CPU
		{66C39617-B3E2-4B7B-A008-BFEB40DBE2DB}.Release|Any CPU.Build.0 = Release|Any CPU
		{436824D1-715E-473D-B599-36A226318B8D}.Debug|Any CPU.ActiveCfg = Debug|Any CPU
		{436824D1-715E-473D-B599-36A226318B8D}.Debug|Any CPU.Build.0 = Debug|Any CPU
		{436824D1-715E-473D-B599-36A226318B8D}.Release|Any CPU.ActiveCfg = Release|Any CPU
		{436824D1-715E-473D-B599-36A226318B8D}.Release|Any CPU.Build.0 = Release|Any CPU
	EndGlobalSection
	GlobalSection(SolutionProperties) = preSolution
		HideSolutionNode = FALSE
	EndGlobalSection
	GlobalSection(ExtensibilityGlobals) = postSolution
		SolutionGuid = {ED6DE969-5307-451D-B484-5F183A606F89}
	EndGlobalSection
EndGlobal
