
Microsoft Visual Studio Solution File, Format Version 12.00
# Visual Studio 15
VisualStudioVersion = 15.0.27130.2036
MinimumVisualStudioVersion = 10.0.40219.1
Project("{FAE04EC0-301F-11D3-BF4B-00C04F79EFBC}") = "Lab2+Lab1", "Lab2+Lab1\Lab2+Lab1.csproj", "{B4F1F805-0178-4836-8A8F-593218E30385}"
EndProject
Project("{FAE04EC0-301F-11D3-BF4B-00C04F79EFBC}") = "DBModels", "DBModels\DBModels.csproj", "{84ED10A1-7A44-4467-9138-D5C37A225E0E}"
EndProject
Project("{FAE04EC0-301F-11D3-BF4B-00C04F79EFBC}") = "DBRepConUow", "DBRepConUow\DBRepConUow.csproj", "{F8DC685F-007A-45C0-855C-875F483A78CA}"
EndProject
Global
	GlobalSection(SolutionConfigurationPlatforms) = preSolution
		Debug|Any CPU = Debug|Any CPU
		Release|Any CPU = Release|Any CPU
	EndGlobalSection
	GlobalSection(ProjectConfigurationPlatforms) = postSolution
		{B4F1F805-0178-4836-8A8F-593218E30385}.Debug|Any CPU.ActiveCfg = Debug|Any CPU
		{B4F1F805-0178-4836-8A8F-593218E30385}.Debug|Any CPU.Build.0 = Debug|Any CPU
		{B4F1F805-0178-4836-8A8F-593218E30385}.Release|Any CPU.ActiveCfg = Release|Any CPU
		{B4F1F805-0178-4836-8A8F-593218E30385}.Release|Any CPU.Build.0 = Release|Any CPU
		{84ED10A1-7A44-4467-9138-D5C37A225E0E}.Debug|Any CPU.ActiveCfg = Debug|Any CPU
		{84ED10A1-7A44-4467-9138-D5C37A225E0E}.Debug|Any CPU.Build.0 = Debug|Any CPU
		{84ED10A1-7A44-4467-9138-D5C37A225E0E}.Release|Any CPU.ActiveCfg = Release|Any CPU
		{84ED10A1-7A44-4467-9138-D5C37A225E0E}.Release|Any CPU.Build.0 = Release|Any CPU
		{F8DC685F-007A-45C0-855C-875F483A78CA}.Debug|Any CPU.ActiveCfg = Debug|Any CPU
		{F8DC685F-007A-45C0-855C-875F483A78CA}.Debug|Any CPU.Build.0 = Debug|Any CPU
		{F8DC685F-007A-45C0-855C-875F483A78CA}.Release|Any CPU.ActiveCfg = Release|Any CPU
		{F8DC685F-007A-45C0-855C-875F483A78CA}.Release|Any CPU.Build.0 = Release|Any CPU
	EndGlobalSection
	GlobalSection(SolutionProperties) = preSolution
		HideSolutionNode = FALSE
	EndGlobalSection
	GlobalSection(ExtensibilityGlobals) = postSolution
		SolutionGuid = {B1600A96-2426-4929-91A9-8EF05B1F1B20}
	EndGlobalSection
EndGlobal
