
Microsoft Visual Studio Solution File, Format Version 12.00
# Visual Studio 15
VisualStudioVersion = 15.0.27703.2000
MinimumVisualStudioVersion = 10.0.40219.1
Project("{FAE04EC0-301F-11D3-BF4B-00C04F79EFBC}") = "Lab3", "Lab3\Lab3.csproj", "{F753FB89-83C4-4EDA-8B8F-61A135E701AF}"
EndProject
Project("{FAE04EC0-301F-11D3-BF4B-00C04F79EFBC}") = "DependencyInjection", "DependencyInjection\DependencyInjection.csproj", "{942D1184-5D54-4809-84B6-260842973F2E}"
EndProject
Global
	GlobalSection(SolutionConfigurationPlatforms) = preSolution
		Debug|Any CPU = Debug|Any CPU
		Release|Any CPU = Release|Any CPU
	EndGlobalSection
	GlobalSection(ProjectConfigurationPlatforms) = postSolution
		{F753FB89-83C4-4EDA-8B8F-61A135E701AF}.Debug|Any CPU.ActiveCfg = Debug|Any CPU
		{F753FB89-83C4-4EDA-8B8F-61A135E701AF}.Debug|Any CPU.Build.0 = Debug|Any CPU
		{F753FB89-83C4-4EDA-8B8F-61A135E701AF}.Release|Any CPU.ActiveCfg = Release|Any CPU
		{F753FB89-83C4-4EDA-8B8F-61A135E701AF}.Release|Any CPU.Build.0 = Release|Any CPU
		{942D1184-5D54-4809-84B6-260842973F2E}.Debug|Any CPU.ActiveCfg = Debug|Any CPU
		{942D1184-5D54-4809-84B6-260842973F2E}.Debug|Any CPU.Build.0 = Debug|Any CPU
		{942D1184-5D54-4809-84B6-260842973F2E}.Release|Any CPU.ActiveCfg = Release|Any CPU
		{942D1184-5D54-4809-84B6-260842973F2E}.Release|Any CPU.Build.0 = Release|Any CPU
	EndGlobalSection
	GlobalSection(SolutionProperties) = preSolution
		HideSolutionNode = FALSE
	EndGlobalSection
	GlobalSection(ExtensibilityGlobals) = postSolution
		SolutionGuid = {39F861E4-9BD1-42FD-B2ED-2849F2D77C73}
	EndGlobalSection
EndGlobal
